Microsoft Visual Studio Solution File, Format Version 12.00
# Visual Studio Version 17
VisualStudioVersion = 17.5.2.0
MinimumVisualStudioVersion = 10.0.40219.1
Project("{FAE04EC0-301F-11D3-BF4B-00C04F79EFBC}") = "ManchesserUnited", "ManchesserUnited.csproj", "{82090730-2914-0741-760C-75D66EB85CDC}"
EndProject
Global
	GlobalSection(SolutionConfigurationPlatforms) = preSolution
		Debug|Any CPU = Debug|Any CPU
		Release|Any CPU = Release|Any CPU
	EndGlobalSection
	GlobalSection(ProjectConfigurationPlatforms) = postSolution
		{82090730-2914-0741-760C-75D66EB85CDC}.Debug|Any CPU.ActiveCfg = Debug|Any CPU
		{82090730-2914-0741-760C-75D66EB85CDC}.Debug|Any CPU.Build.0 = Debug|Any CPU
		{82090730-2914-0741-760C-75D66EB85CDC}.Release|Any CPU.ActiveCfg = Release|Any CPU
		{82090730-2914-0741-760C-75D66EB85CDC}.Release|Any CPU.Build.0 = Release|Any CPU
	EndGlobalSection
	GlobalSection(SolutionProperties) = preSolution
		HideSolutionNode = FALSE
	EndGlobalSection
	GlobalSection(ExtensibilityGlobals) = postSolution
		SolutionGuid = {BF8974F2-E9EE-4D44-A51E-9367FA5AB7BD}
	EndGlobalSection
EndGlobal
